
Microsoft Visual Studio Solution File, Format Version 12.00
# Visual Studio 14
VisualStudioVersion = 14.0.23107.0
MinimumVisualStudioVersion = 10.0.40219.1
Project("{FAE04EC0-301F-11D3-BF4B-00C04F79EFBC}") = "SportsStore.Domain", "SportsStore.Domain\SportsStore.Domain.csproj", "{8B178C7F-943A-47A6-B1BF-9310543A87AD}"
EndProject
Project("{FAE04EC0-301F-11D3-BF4B-00C04F79EFBC}") = "SportsStore.WebUI", "SportsStore.WebUI\SportsStore.WebUI.csproj", "{126CFD5A-79BD-4D9C-9582-EA433F04F56F}"
EndProject
Project("{FAE04EC0-301F-11D3-BF4B-00C04F79EFBC}") = "SportsStore.UnitTests", "SportsStore.UnitTest\SportsStore.UnitTests.csproj", "{341FE426-D2AE-4BA8-8079-6606FE102AFD}"
EndProject
Global
	GlobalSection(SolutionConfigurationPlatforms) = preSolution
		Debug|Any CPU = Debug|Any CPU
		Release|Any CPU = Release|Any CPU
	EndGlobalSection
	GlobalSection(ProjectConfigurationPlatforms) = postSolution
		{8B178C7F-943A-47A6-B1BF-9310543A87AD}.Debug|Any CPU.ActiveCfg = Debug|Any CPU
		{8B178C7F-943A-47A6-B1BF-9310543A87AD}.Debug|Any CPU.Build.0 = Debug|Any CPU
		{8B178C7F-943A-47A6-B1BF-9310543A87AD}.Release|Any CPU.ActiveCfg = Release|Any CPU
		{8B178C7F-943A-47A6-B1BF-9310543A87AD}.Release|Any CPU.Build.0 = Release|Any CPU
		{126CFD5A-79BD-4D9C-9582-EA433F04F56F}.Debug|Any CPU.ActiveCfg = Debug|Any CPU
		{126CFD5A-79BD-4D9C-9582-EA433F04F56F}.Debug|Any CPU.Build.0 = Debug|Any CPU
		{126CFD5A-79BD-4D9C-9582-EA433F04F56F}.Release|Any CPU.ActiveCfg = Release|Any CPU
		{126CFD5A-79BD-4D9C-9582-EA433F04F56F}.Release|Any CPU.Build.0 = Release|Any CPU
		{341FE426-D2AE-4BA8-8079-6606FE102AFD}.Debug|Any CPU.ActiveCfg = Debug|Any CPU
		{341FE426-D2AE-4BA8-8079-6606FE102AFD}.Debug|Any CPU.Build.0 = Debug|Any CPU
		{341FE426-D2AE-4BA8-8079-6606FE102AFD}.Release|Any CPU.ActiveCfg = Release|Any CPU
		{341FE426-D2AE-4BA8-8079-6606FE102AFD}.Release|Any CPU.Build.0 = Release|Any CPU
	EndGlobalSection
	GlobalSection(SolutionProperties) = preSolution
		HideSolutionNode = FALSE
	EndGlobalSection
EndGlobal
